// !$*UTF8*$!
{
	archiveVersion = 1;
	classes = {
	};
	objectVersion = 55;
	objects = {

/* Begin PBXBuildFile section */
		CED7047D1DB00B184F90DFA5 /* Pods_todo_with_timer.framework in Frameworks */ = {isa = PBXBuildFile; fileRef = 79AEFD36840D28A74EDB463B /* Pods_todo_with_timer.framework */; };
		FE62BDB027BB99FC00D2B6D5 /* CustomAddButton.swift in Sources */ = {isa = PBXBuildFile; fileRef = FE62BDAF27BB99FC00D2B6D5 /* CustomAddButton.swift */; };
		FE62BDB227BBA55600D2B6D5 /* CustomEditButton.swift in Sources */ = {isa = PBXBuildFile; fileRef = FE62BDB127BBA55600D2B6D5 /* CustomEditButton.swift */; };
		FE64BD2F27B0DACD006190A5 /* AppDelegate.swift in Sources */ = {isa = PBXBuildFile; fileRef = FE64BD2E27B0DACD006190A5 /* AppDelegate.swift */; };
		FE64BD3127B0DACD006190A5 /* SceneDelegate.swift in Sources */ = {isa = PBXBuildFile; fileRef = FE64BD3027B0DACD006190A5 /* SceneDelegate.swift */; };
		FE64BD3327B0DACD006190A5 /* ViewController.swift in Sources */ = {isa = PBXBuildFile; fileRef = FE64BD3227B0DACD006190A5 /* ViewController.swift */; };
		FE64BD3627B0DACE006190A5 /* Main.storyboard in Resources */ = {isa = PBXBuildFile; fileRef = FE64BD3427B0DACE006190A5 /* Main.storyboard */; };
		FE64BD3827B0DACE006190A5 /* Assets.xcassets in Resources */ = {isa = PBXBuildFile; fileRef = FE64BD3727B0DACE006190A5 /* Assets.xcassets */; };
		FE64BD3B27B0DACE006190A5 /* LaunchScreen.storyboard in Resources */ = {isa = PBXBuildFile; fileRef = FE64BD3927B0DACE006190A5 /* LaunchScreen.storyboard */; };
		FE64BD4327B109A4006190A5 /* InputTodo.storyboard in Resources */ = {isa = PBXBuildFile; fileRef = FE64BD4227B109A4006190A5 /* InputTodo.storyboard */; };
		FE64BD4527B109BD006190A5 /* InputTodoViewController.swift in Sources */ = {isa = PBXBuildFile; fileRef = FE64BD4427B109BD006190A5 /* InputTodoViewController.swift */; };
		FE950C9B27B8E85D002FC63A /* CustomFloatingPanelLayout.swift in Sources */ = {isa = PBXBuildFile; fileRef = FE950C9A27B8E85D002FC63A /* CustomFloatingPanelLayout.swift */; };
		FEA74B3727BE0BE600E5FDA2 /* CustomTableViewCell.swift in Sources */ = {isa = PBXBuildFile; fileRef = FEA74B3527BE0BE600E5FDA2 /* CustomTableViewCell.swift */; };
		FEA74B3827BE0BE600E5FDA2 /* CustomTableViewCell.xib in Resources */ = {isa = PBXBuildFile; fileRef = FEA74B3627BE0BE600E5FDA2 /* CustomTableViewCell.xib */; };
		FEBB20DB27B77EF100456BE3 /* TimerViewController.swift in Sources */ = {isa = PBXBuildFile; fileRef = FEBB20DA27B77EF100456BE3 /* TimerViewController.swift */; };
		FEBB20DD27B77EFC00456BE3 /* Timer.storyboard in Resources */ = {isa = PBXBuildFile; fileRef = FEBB20DC27B77EFC00456BE3 /* Timer.storyboard */; };
		FEBB20DF27B7834700456BE3 /* TodoData.swift in Sources */ = {isa = PBXBuildFile; fileRef = FEBB20DE27B7834700456BE3 /* TodoData.swift */; };
		FEDA751A27C8CD93006713B5 /* AlarmSound.mp3 in Resources */ = {isa = PBXBuildFile; fileRef = FEDA751927C8CD93006713B5 /* AlarmSound.mp3 */; };
		FEDCC60427C512C500120881 /* EditTodo.storyboard in Resources */ = {isa = PBXBuildFile; fileRef = FEDCC60327C512C500120881 /* EditTodo.storyboard */; };
		FEDCC60627C512E000120881 /* EditTodoViewController.swift in Sources */ = {isa = PBXBuildFile; fileRef = FEDCC60527C512E000120881 /* EditTodoViewController.swift */; };
/* End PBXBuildFile section */

/* Begin PBXFileReference section */
		0DD514A06D6CA297AE4F564E /* Pods-todo-with-timer.release.xcconfig */ = {isa = PBXFileReference; includeInIndex = 1; lastKnownFileType = text.xcconfig; name = "Pods-todo-with-timer.release.xcconfig"; path = "Target Support Files/Pods-todo-with-timer/Pods-todo-with-timer.release.xcconfig"; sourceTree = "<group>"; };
		79AEFD36840D28A74EDB463B /* Pods_todo_with_timer.framework */ = {isa = PBXFileReference; explicitFileType = wrapper.framework; includeInIndex = 0; path = Pods_todo_with_timer.framework; sourceTree = BUILT_PRODUCTS_DIR; };
		ECDB4FED43F9851246F47AC2 /* Pods-todo-with-timer.debug.xcconfig */ = {isa = PBXFileReference; includeInIndex = 1; lastKnownFileType = text.xcconfig; name = "Pods-todo-with-timer.debug.xcconfig"; path = "Target Support Files/Pods-todo-with-timer/Pods-todo-with-timer.debug.xcconfig"; sourceTree = "<group>"; };
		FE62BDAF27BB99FC00D2B6D5 /* CustomAddButton.swift */ = {isa = PBXFileReference; lastKnownFileType = sourcecode.swift; path = CustomAddButton.swift; sourceTree = "<group>"; };
		FE62BDB127BBA55600D2B6D5 /* CustomEditButton.swift */ = {isa = PBXFileReference; lastKnownFileType = sourcecode.swift; path = CustomEditButton.swift; sourceTree = "<group>"; };
		FE64BD2B27B0DACD006190A5 /* todo-with-timer.app */ = {isa = PBXFileReference; explicitFileType = wrapper.application; includeInIndex = 0; path = "todo-with-timer.app"; sourceTree = BUILT_PRODUCTS_DIR; };
		FE64BD2E27B0DACD006190A5 /* AppDelegate.swift */ = {isa = PBXFileReference; lastKnownFileType = sourcecode.swift; path = AppDelegate.swift; sourceTree = "<group>"; };
		FE64BD3027B0DACD006190A5 /* SceneDelegate.swift */ = {isa = PBXFileReference; lastKnownFileType = sourcecode.swift; path = SceneDelegate.swift; sourceTree = "<group>"; };
		FE64BD3227B0DACD006190A5 /* ViewController.swift */ = {isa = PBXFileReference; lastKnownFileType = sourcecode.swift; path = ViewController.swift; sourceTree = "<group>"; };
		FE64BD3527B0DACE006190A5 /* Base */ = {isa = PBXFileReference; lastKnownFileType = file.storyboard; name = Base; path = Base.lproj/Main.storyboard; sourceTree = "<group>"; };
		FE64BD3727B0DACE006190A5 /* Assets.xcassets */ = {isa = PBXFileReference; lastKnownFileType = folder.assetcatalog; path = Assets.xcassets; sourceTree = "<group>"; };
		FE64BD3A27B0DACE006190A5 /* Base */ = {isa = PBXFileReference; lastKnownFileType = file.storyboard; name = Base; path = Base.lproj/LaunchScreen.storyboard; sourceTree = "<group>"; };
		FE64BD3C27B0DACE006190A5 /* Info.plist */ = {isa = PBXFileReference; lastKnownFileType = text.plist.xml; path = Info.plist; sourceTree = "<group>"; };
		FE64BD4227B109A4006190A5 /* InputTodo.storyboard */ = {isa = PBXFileReference; lastKnownFileType = file.storyboard; path = InputTodo.storyboard; sourceTree = "<group>"; };
		FE64BD4427B109BD006190A5 /* InputTodoViewController.swift */ = {isa = PBXFileReference; lastKnownFileType = sourcecode.swift; path = InputTodoViewController.swift; sourceTree = "<group>"; };
		FE950C9A27B8E85D002FC63A /* CustomFloatingPanelLayout.swift */ = {isa = PBXFileReference; lastKnownFileType = sourcecode.swift; path = CustomFloatingPanelLayout.swift; sourceTree = "<group>"; };
		FEA74B3527BE0BE600E5FDA2 /* CustomTableViewCell.swift */ = {isa = PBXFileReference; lastKnownFileType = sourcecode.swift; path = CustomTableViewCell.swift; sourceTree = "<group>"; };
		FEA74B3627BE0BE600E5FDA2 /* CustomTableViewCell.xib */ = {isa = PBXFileReference; lastKnownFileType = file.xib; path = CustomTableViewCell.xib; sourceTree = "<group>"; };
		FEBB20DA27B77EF100456BE3 /* TimerViewController.swift */ = {isa = PBXFileReference; lastKnownFileType = sourcecode.swift; path = TimerViewController.swift; sourceTree = "<group>"; };
		FEBB20DC27B77EFC00456BE3 /* Timer.storyboard */ = {isa = PBXFileReference; lastKnownFileType = file.storyboard; path = Timer.storyboard; sourceTree = "<group>"; };
		FEBB20DE27B7834700456BE3 /* TodoData.swift */ = {isa = PBXFileReference; lastKnownFileType = sourcecode.swift; path = TodoData.swift; sourceTree = "<group>"; };
		FEDA751927C8CD93006713B5 /* AlarmSound.mp3 */ = {isa = PBXFileReference; lastKnownFileType = audio.mp3; path = AlarmSound.mp3; sourceTree = "<group>"; };
		FEDCC60327C512C500120881 /* EditTodo.storyboard */ = {isa = PBXFileReference; lastKnownFileType = file.storyboard; path = EditTodo.storyboard; sourceTree = "<group>"; };
		FEDCC60527C512E000120881 /* EditTodoViewController.swift */ = {isa = PBXFileReference; lastKnownFileType = sourcecode.swift; path = EditTodoViewController.swift; sourceTree = "<group>"; };
/* End PBXFileReference section */

/* Begin PBXFrameworksBuildPhase section */
		FE64BD2827B0DACD006190A5 /* Frameworks */ = {
			isa = PBXFrameworksBuildPhase;
			buildActionMask = 2147483647;
			files = (
				CED7047D1DB00B184F90DFA5 /* Pods_todo_with_timer.framework in Frameworks */,
			);
			runOnlyForDeploymentPostprocessing = 0;
		};
/* End PBXFrameworksBuildPhase section */

/* Begin PBXGroup section */
		0F5EABD0F4551B25BC4BF5BA /* Frameworks */ = {
			isa = PBXGroup;
			children = (
				79AEFD36840D28A74EDB463B /* Pods_todo_with_timer.framework */,
			);
			name = Frameworks;
			sourceTree = "<group>";
		};
		2A26E62A4B6CAD323583C634 /* Pods */ = {
			isa = PBXGroup;
			children = (
				ECDB4FED43F9851246F47AC2 /* Pods-todo-with-timer.debug.xcconfig */,
				0DD514A06D6CA297AE4F564E /* Pods-todo-with-timer.release.xcconfig */,
			);
			path = Pods;
			sourceTree = "<group>";
		};
		FE64BD2227B0DACD006190A5 = {
			isa = PBXGroup;
			children = (
				FE64BD2D27B0DACD006190A5 /* todo-with-timer */,
				FE64BD2C27B0DACD006190A5 /* Products */,
				2A26E62A4B6CAD323583C634 /* Pods */,
				0F5EABD0F4551B25BC4BF5BA /* Frameworks */,
			);
			sourceTree = "<group>";
		};
		FE64BD2C27B0DACD006190A5 /* Products */ = {
			isa = PBXGroup;
			children = (
				FE64BD2B27B0DACD006190A5 /* todo-with-timer.app */,
			);
			name = Products;
			sourceTree = "<group>";
		};
		FE64BD2D27B0DACD006190A5 /* todo-with-timer */ = {
			isa = PBXGroup;
			children = (
				FE64BD2E27B0DACD006190A5 /* AppDelegate.swift */,
				FE64BD3027B0DACD006190A5 /* SceneDelegate.swift */,
				FE64BD3227B0DACD006190A5 /* ViewController.swift */,
				FE64BD4427B109BD006190A5 /* InputTodoViewController.swift */,
				FEBB20DA27B77EF100456BE3 /* TimerViewController.swift */,
				FEDCC60527C512E000120881 /* EditTodoViewController.swift */,
				FEBB20DE27B7834700456BE3 /* TodoData.swift */,
				FE950C9A27B8E85D002FC63A /* CustomFloatingPanelLayout.swift */,
				FE62BDAF27BB99FC00D2B6D5 /* CustomAddButton.swift */,
				FE62BDB127BBA55600D2B6D5 /* CustomEditButton.swift */,
				FEA74B3527BE0BE600E5FDA2 /* CustomTableViewCell.swift */,
				FEA74B3627BE0BE600E5FDA2 /* CustomTableViewCell.xib */,
				FE64BD3427B0DACE006190A5 /* Main.storyboard */,
				FE64BD4227B109A4006190A5 /* InputTodo.storyboard */,
				FEBB20DC27B77EFC00456BE3 /* Timer.storyboard */,
				FEDCC60327C512C500120881 /* EditTodo.storyboard */,
				FEDA751927C8CD93006713B5 /* AlarmSound.mp3 */,
				FE64BD3727B0DACE006190A5 /* Assets.xcassets */,
				FE64BD3927B0DACE006190A5 /* LaunchScreen.storyboard */,
				FE64BD3C27B0DACE006190A5 /* Info.plist */,
			);
			path = "todo-with-timer";
			sourceTree = "<group>";
		};
/* End PBXGroup section */

/* Begin PBXNativeTarget section */
		FE64BD2A27B0DACD006190A5 /* todo-with-timer */ = {
			isa = PBXNativeTarget;
			buildConfigurationList = FE64BD3F27B0DACE006190A5 /* Build configuration list for PBXNativeTarget "todo-with-timer" */;
			buildPhases = (
				01572C8D8DFAF9CE589D8A88 /* [CP] Check Pods Manifest.lock */,
				FE64BD2727B0DACD006190A5 /* Sources */,
				FE64BD2827B0DACD006190A5 /* Frameworks */,
				FE64BD2927B0DACD006190A5 /* Resources */,
				02790B0443E4AE23F058EF98 /* [CP] Embed Pods Frameworks */,
			);
			buildRules = (
			);
			dependencies = (
			);
			name = "todo-with-timer";
			productName = "todo-with-timer";
			productReference = FE64BD2B27B0DACD006190A5 /* todo-with-timer.app */;
			productType = "com.apple.product-type.application";
		};
/* End PBXNativeTarget section */

/* Begin PBXProject section */
		FE64BD2327B0DACD006190A5 /* Project object */ = {
			isa = PBXProject;
			attributes = {
				BuildIndependentTargetsInParallel = 1;
				LastSwiftUpdateCheck = 1310;
				LastUpgradeCheck = 1310;
				TargetAttributes = {
					FE64BD2A27B0DACD006190A5 = {
						CreatedOnToolsVersion = 13.1;
					};
				};
			};
			buildConfigurationList = FE64BD2627B0DACD006190A5 /* Build configuration list for PBXProject "todo-with-timer" */;
			compatibilityVersion = "Xcode 13.0";
			developmentRegion = en;
			hasScannedForEncodings = 0;
			knownRegions = (
				en,
				Base,
			);
			mainGroup = FE64BD2227B0DACD006190A5;
			productRefGroup = FE64BD2C27B0DACD006190A5 /* Products */;
			projectDirPath = "";
			projectRoot = "";
			targets = (
				FE64BD2A27B0DACD006190A5 /* todo-with-timer */,
			);
		};
/* End PBXProject section */

/* Begin PBXResourcesBuildPhase section */
		FE64BD2927B0DACD006190A5 /* Resources */ = {
			isa = PBXResourcesBuildPhase;
			buildActionMask = 2147483647;
			files = (
				FEDA751A27C8CD93006713B5 /* AlarmSound.mp3 in Resources */,
				FEBB20DD27B77EFC00456BE3 /* Timer.storyboard in Resources */,
				FE64BD3B27B0DACE006190A5 /* LaunchScreen.storyboard in Resources */,
				FEA74B3827BE0BE600E5FDA2 /* CustomTableViewCell.xib in Resources */,
				FE64BD4327B109A4006190A5 /* InputTodo.storyboard in Resources */,
				FE64BD3827B0DACE006190A5 /* Assets.xcassets in Resources */,
				FE64BD3627B0DACE006190A5 /* Main.storyboard in Resources */,
				FEDCC60427C512C500120881 /* EditTodo.storyboard in Resources */,
			);
			runOnlyForDeploymentPostprocessing = 0;
		};
/* End PBXResourcesBuildPhase section */

/* Begin PBXShellScriptBuildPhase section */
		01572C8D8DFAF9CE589D8A88 /* [CP] Check Pods Manifest.lock */ = {
			isa = PBXShellScriptBuildPhase;
			buildActionMask = 2147483647;
			files = (
			);
			inputFileListPaths = (
			);
			inputPaths = (
				"${PODS_PODFILE_DIR_PATH}/Podfile.lock",
				"${PODS_ROOT}/Manifest.lock",
			);
			name = "[CP] Check Pods Manifest.lock";
			outputFileListPaths = (
			);
			outputPaths = (
				"$(DERIVED_FILE_DIR)/Pods-todo-with-timer-checkManifestLockResult.txt",
			);
			runOnlyForDeploymentPostprocessing = 0;
			shellPath = /bin/sh;
			shellScript = "diff \"${PODS_PODFILE_DIR_PATH}/Podfile.lock\" \"${PODS_ROOT}/Manifest.lock\" > /dev/null\nif [ $? != 0 ] ; then\n    # print error to STDERR\n    echo \"error: The sandbox is not in sync with the Podfile.lock. Run 'pod install' or update your CocoaPods installation.\" >&2\n    exit 1\nfi\n# This output is used by Xcode 'outputs' to avoid re-running this script phase.\necho \"SUCCESS\" > \"${SCRIPT_OUTPUT_FILE_0}\"\n";
			showEnvVarsInLog = 0;
		};
		02790B0443E4AE23F058EF98 /* [CP] Embed Pods Frameworks */ = {
			isa = PBXShellScriptBuildPhase;
			buildActionMask = 2147483647;
			files = (
			);
			inputFileListPaths = (
				"${PODS_ROOT}/Target Support Files/Pods-todo-with-timer/Pods-todo-with-timer-frameworks-${CONFIGURATION}-input-files.xcfilelist",
			);
			name = "[CP] Embed Pods Frameworks";
			outputFileListPaths = (
				"${PODS_ROOT}/Target Support Files/Pods-todo-with-timer/Pods-todo-with-timer-frameworks-${CONFIGURATION}-output-files.xcfilelist",
			);
			runOnlyForDeploymentPostprocessing = 0;
			shellPath = /bin/sh;
			shellScript = "\"${PODS_ROOT}/Target Support Files/Pods-todo-with-timer/Pods-todo-with-timer-frameworks.sh\"\n";
			showEnvVarsInLog = 0;
		};
/* End PBXShellScriptBuildPhase section */

/* Begin PBXSourcesBuildPhase section */
		FE64BD2727B0DACD006190A5 /* Sources */ = {
			isa = PBXSourcesBuildPhase;
			buildActionMask = 2147483647;
			files = (
				FEBB20DB27B77EF100456BE3 /* TimerViewController.swift in Sources */,
				FE64BD3327B0DACD006190A5 /* ViewController.swift in Sources */,
				FE62BDB227BBA55600D2B6D5 /* CustomEditButton.swift in Sources */,
				FE64BD4527B109BD006190A5 /* InputTodoViewController.swift in Sources */,
				FE64BD2F27B0DACD006190A5 /* AppDelegate.swift in Sources */,
				FE62BDB027BB99FC00D2B6D5 /* CustomAddButton.swift in Sources */,
				FEDCC60627C512E000120881 /* EditTodoViewController.swift in Sources */,
				FEA74B3727BE0BE600E5FDA2 /* CustomTableViewCell.swift in Sources */,
				FE64BD3127B0DACD006190A5 /* SceneDelegate.swift in Sources */,
				FEBB20DF27B7834700456BE3 /* TodoData.swift in Sources */,
				FE950C9B27B8E85D002FC63A /* CustomFloatingPanelLayout.swift in Sources */,
			);
			runOnlyForDeploymentPostprocessing = 0;
		};
/* End PBXSourcesBuildPhase section */

/* Begin PBXVariantGroup section */
		FE64BD3427B0DACE006190A5 /* Main.storyboard */ = {
			isa = PBXVariantGroup;
			children = (
				FE64BD3527B0DACE006190A5 /* Base */,
			);
			name = Main.storyboard;
			sourceTree = "<group>";
		};
		FE64BD3927B0DACE006190A5 /* LaunchScreen.storyboard */ = {
			isa = PBXVariantGroup;
			children = (
				FE64BD3A27B0DACE006190A5 /* Base */,
			);
			name = LaunchScreen.storyboard;
			sourceTree = "<group>";
		};
/* End PBXVariantGroup section */

/* Begin XCBuildConfiguration section */
		FE64BD3D27B0DACE006190A5 /* Debug */ = {
			isa = XCBuildConfiguration;
			buildSettings = {
				ALWAYS_SEARCH_USER_PATHS = NO;
				CLANG_ANALYZER_NONNULL = YES;
				CLANG_ANALYZER_NUMBER_OBJECT_CONVERSION = YES_AGGRESSIVE;
				CLANG_CXX_LANGUAGE_STANDARD = "gnu++17";
				CLANG_CXX_LIBRARY = "libc++";
				CLANG_ENABLE_MODULES = YES;
				CLANG_ENABLE_OBJC_ARC = YES;
				CLANG_ENABLE_OBJC_WEAK = YES;
				CLANG_WARN_BLOCK_CAPTURE_AUTORELEASING = YES;
				CLANG_WARN_BOOL_CONVERSION = YES;
				CLANG_WARN_COMMA = YES;
				CLANG_WARN_CONSTANT_CONVERSION = YES;
				CLANG_WARN_DEPRECATED_OBJC_IMPLEMENTATIONS = YES;
				CLANG_WARN_DIRECT_OBJC_ISA_USAGE = YES_ERROR;
				CLANG_WARN_DOCUMENTATION_COMMENTS = YES;
				CLANG_WARN_EMPTY_BODY = YES;
				CLANG_WARN_ENUM_CONVERSION = YES;
				CLANG_WARN_INFINITE_RECURSION = YES;
				CLANG_WARN_INT_CONVERSION = YES;
				CLANG_WARN_NON_LITERAL_NULL_CONVERSION = YES;
				CLANG_WARN_OBJC_IMPLICIT_RETAIN_SELF = YES;
				CLANG_WARN_OBJC_LITERAL_CONVERSION = YES;
				CLANG_WARN_OBJC_ROOT_CLASS = YES_ERROR;
				CLANG_WARN_QUOTED_INCLUDE_IN_FRAMEWORK_HEADER = YES;
				CLANG_WARN_RANGE_LOOP_ANALYSIS = YES;
				CLANG_WARN_STRICT_PROTOTYPES = YES;
				CLANG_WARN_SUSPICIOUS_MOVE = YES;
				CLANG_WARN_UNGUARDED_AVAILABILITY = YES_AGGRESSIVE;
				CLANG_WARN_UNREACHABLE_CODE = YES;
				CLANG_WARN__DUPLICATE_METHOD_MATCH = YES;
				COPY_PHASE_STRIP = NO;
				DEBUG_INFORMATION_FORMAT = dwarf;
				ENABLE_STRICT_OBJC_MSGSEND = YES;
				ENABLE_TESTABILITY = YES;
				GCC_C_LANGUAGE_STANDARD = gnu11;
				GCC_DYNAMIC_NO_PIC = NO;
				GCC_NO_COMMON_BLOCKS = YES;
				GCC_OPTIMIZATION_LEVEL = 0;
				GCC_PREPROCESSOR_DEFINITIONS = (
					"DEBUG=1",
					"$(inherited)",
				);
				GCC_WARN_64_TO_32_BIT_CONVERSION = YES;
				GCC_WARN_ABOUT_RETURN_TYPE = YES_ERROR;
				GCC_WARN_UNDECLARED_SELECTOR = YES;
				GCC_WARN_UNINITIALIZED_AUTOS = YES_AGGRESSIVE;
				GCC_WARN_UNUSED_FUNCTION = YES;
				GCC_WARN_UNUSED_VARIABLE = YES;
				IPHONEOS_DEPLOYMENT_TARGET = 13.0;
				MTL_ENABLE_DEBUG_INFO = INCLUDE_SOURCE;
				MTL_FAST_MATH = YES;
				ONLY_ACTIVE_ARCH = YES;
				SDKROOT = iphoneos;
				SWIFT_ACTIVE_COMPILATION_CONDITIONS = DEBUG;
				SWIFT_OPTIMIZATION_LEVEL = "-Onone";
			};
			name = Debug;
		};
		FE64BD3E27B0DACE006190A5 /* Release */ = {
			isa = XCBuildConfiguration;
			buildSettings = {
				ALWAYS_SEARCH_USER_PATHS = NO;
				CLANG_ANALYZER_NONNULL = YES;
				CLANG_ANALYZER_NUMBER_OBJECT_CONVERSION = YES_AGGRESSIVE;
				CLANG_CXX_LANGUAGE_STANDARD = "gnu++17";
				CLANG_CXX_LIBRARY = "libc++";
				CLANG_ENABLE_MODULES = YES;
				CLANG_ENABLE_OBJC_ARC = YES;
				CLANG_ENABLE_OBJC_WEAK = YES;
				CLANG_WARN_BLOCK_CAPTURE_AUTORELEASING = YES;
				CLANG_WARN_BOOL_CONVERSION = YES;
				CLANG_WARN_COMMA = YES;
				CLANG_WARN_CONSTANT_CONVERSION = YES;
				CLANG_WARN_DEPRECATED_OBJC_IMPLEMENTATIONS = YES;
				CLANG_WARN_DIRECT_OBJC_ISA_USAGE = YES_ERROR;
				CLANG_WARN_DOCUMENTATION_COMMENTS = YES;
				CLANG_WARN_EMPTY_BODY = YES;
				CLANG_WARN_ENUM_CONVERSION = YES;
				CLANG_WARN_INFINITE_RECURSION = YES;
				CLANG_WARN_INT_CONVERSION = YES;
				CLANG_WARN_NON_LITERAL_NULL_CONVERSION = YES;
				CLANG_WARN_OBJC_IMPLICIT_RETAIN_SELF = YES;
				CLANG_WARN_OBJC_LITERAL_CONVERSION = YES;
				CLANG_WARN_OBJC_ROOT_CLASS = YES_ERROR;
				CLANG_WARN_QUOTED_INCLUDE_IN_FRAMEWORK_HEADER = YES;
				CLANG_WARN_RANGE_LOOP_ANALYSIS = YES;
				CLANG_WARN_STRICT_PROTOTYPES = YES;
				CLANG_WARN_SUSPICIOUS_MOVE = YES;
				CLANG_WARN_UNGUARDED_AVAILABILITY = YES_AGGRESSIVE;
				CLANG_WARN_UNREACHABLE_CODE = YES;
				CLANG_WARN__DUPLICATE_METHOD_MATCH = YES;
				COPY_PHASE_STRIP = NO;
				DEBUG_INFORMATION_FORMAT = "dwarf-with-dsym";
				ENABLE_NS_ASSERTIONS = NO;
				ENABLE_STRICT_OBJC_MSGSEND = YES;
				GCC_C_LANGUAGE_STANDARD = gnu11;
				GCC_NO_COMMON_BLOCKS = YES;
				GCC_WARN_64_TO_32_BIT_CONVERSION = YES;
				GCC_WARN_ABOUT_RETURN_TYPE = YES_ERROR;
				GCC_WARN_UNDECLARED_SELECTOR = YES;
				GCC_WARN_UNINITIALIZED_AUTOS = YES_AGGRESSIVE;
				GCC_WARN_UNUSED_FUNCTION = YES;
				GCC_WARN_UNUSED_VARIABLE = YES;
				IPHONEOS_DEPLOYMENT_TARGET = 13.0;
				MTL_ENABLE_DEBUG_INFO = NO;
				MTL_FAST_MATH = YES;
				SDKROOT = iphoneos;
				SWIFT_COMPILATION_MODE = wholemodule;
				SWIFT_OPTIMIZATION_LEVEL = "-O";
				VALIDATE_PRODUCT = YES;
			};
			name = Release;
		};
		FE64BD4027B0DACE006190A5 /* Debug */ = {
			isa = XCBuildConfiguration;
			baseConfigurationReference = ECDB4FED43F9851246F47AC2 /* Pods-todo-with-timer.debug.xcconfig */;
			buildSettings = {
				ASSETCATALOG_COMPILER_APPICON_NAME = AppIcon;
				ASSETCATALOG_COMPILER_GLOBAL_ACCENT_COLOR_NAME = AccentColor;
				BANNER_ID = "ca-app-pub-3940256099942544/2934735716";
				CODE_SIGN_STYLE = Automatic;
				CURRENT_PROJECT_VERSION = 3;
				DEVELOPMENT_TEAM = H84MQLLKK7;
				GADApplicationIdentifier = "ca-app-pub-3940256099942544~1458002511";
				GENERATE_INFOPLIST_FILE = YES;
				INFOPLIST_FILE = "todo-with-timer/Info.plist";
				INFOPLIST_KEY_CFBundleDisplayName = "Todo Timer";
				INFOPLIST_KEY_UIApplicationSupportsIndirectInputEvents = YES;
				INFOPLIST_KEY_UILaunchStoryboardName = LaunchScreen;
				INFOPLIST_KEY_UIMainStoryboardFile = Main;
				INFOPLIST_KEY_UISupportedInterfaceOrientations_iPad = "UIInterfaceOrientationPortrait UIInterfaceOrientationPortraitUpsideDown UIInterfaceOrientationLandscapeLeft UIInterfaceOrientationLandscapeRight";
				INFOPLIST_KEY_UISupportedInterfaceOrientations_iPhone = "UIInterfaceOrientationPortrait UIInterfaceOrientationLandscapeLeft UIInterfaceOrientationLandscapeRight";
				IPHONEOS_DEPLOYMENT_TARGET = 13.0;
				LD_RUNPATH_SEARCH_PATHS = (
					"$(inherited)",
					"@executable_path/Frameworks",
				);
				MARKETING_VERSION = 1.0.2;
				PRODUCT_BUNDLE_IDENTIFIER = "jp.kawamurahiroki.todo-with-timer";
				PRODUCT_NAME = "$(TARGET_NAME)";
				SWIFT_EMIT_LOC_STRINGS = YES;
				SWIFT_VERSION = 5.0;
				TARGETED_DEVICE_FAMILY = "1,2";
			};
			name = Debug;
		};
		FE64BD4127B0DACE006190A5 /* Release */ = {
			isa = XCBuildConfiguration;
			baseConfigurationReference = 0DD514A06D6CA297AE4F564E /* Pods-todo-with-timer.release.xcconfig */;
			buildSettings = {
				ASSETCATALOG_COMPILER_APPICON_NAME = AppIcon;
				ASSETCATALOG_COMPILER_GLOBAL_ACCENT_COLOR_NAME = AccentColor;
				BANNER_ID = "ca-app-pub-6743225278217531/7226745567";
				CODE_SIGN_STYLE = Automatic;
				CURRENT_PROJECT_VERSION = 3;
				DEVELOPMENT_TEAM = H84MQLLKK7;
				GADApplicationIdentifier = "ca-app-pub-6743225278217531~2740705645";
				GENERATE_INFOPLIST_FILE = YES;
				INFOPLIST_FILE = "todo-with-timer/Info.plist";
				INFOPLIST_KEY_CFBundleDisplayName = "Todo Timer";
				INFOPLIST_KEY_UIApplicationSupportsIndirectInputEvents = YES;
				INFOPLIST_KEY_UILaunchStoryboardName = LaunchScreen;
				INFOPLIST_KEY_UIMainStoryboardFile = Main;
				INFOPLIST_KEY_UISupportedInterfaceOrientations_iPad = "UIInterfaceOrientationPortrait UIInterfaceOrientationPortraitUpsideDown UIInterfaceOrientationLandscapeLeft UIInterfaceOrientationLandscapeRight";
				INFOPLIST_KEY_UISupportedInterfaceOrientations_iPhone = "UIInterfaceOrientationPortrait UIInterfaceOrientationLandscapeLeft UIInterfaceOrientationLandscapeRight";
				IPHONEOS_DEPLOYMENT_TARGET = 13.0;
				LD_RUNPATH_SEARCH_PATHS = (
					"$(inherited)",
					"@executable_path/Frameworks",
				);
				MARKETING_VERSION = 1.0.2;
				PRODUCT_BUNDLE_IDENTIFIER = "jp.kawamurahiroki.todo-with-timer";
				PRODUCT_NAME = "$(TARGET_NAME)";
				SWIFT_EMIT_LOC_STRINGS = YES;
				SWIFT_VERSION = 5.0;
				TARGETED_DEVICE_FAMILY = "1,2";
			};
			name = Release;
		};
/* End XCBuildConfiguration section */

/* Begin XCConfigurationList section */
		FE64BD2627B0DACD006190A5 /* Build configuration list for PBXProject "todo-with-timer" */ = {
			isa = XCConfigurationList;
			buildConfigurations = (
				FE64BD3D27B0DACE006190A5 /* Debug */,
				FE64BD3E27B0DACE006190A5 /* Release */,
			);
			defaultConfigurationIsVisible = 0;
			defaultConfigurationName = Release;
		};
		FE64BD3F27B0DACE006190A5 /* Build configuration list for PBXNativeTarget "todo-with-timer" */ = {
			isa = XCConfigurationList;
			buildConfigurations = (
				FE64BD4027B0DACE006190A5 /* Debug */,
				FE64BD4127B0DACE006190A5 /* Release */,
			);
			defaultConfigurationIsVisible = 0;
			defaultConfigurationName = Release;
		};
/* End XCConfigurationList section */
	};
	rootObject = FE64BD2327B0DACD006190A5 /* Project object */;
}
